{
  "version": 4,
  "terraform_version": "1.1.0",
  "serial": 486,
  "lineage": "725753a4-5dc9-4330-6843-63279fd2371b",
  "outputs": {},
  "resources": [
    {
      "mode": "managed",
      "type": "azurerm_application_gateway",
      "name": "network",
      "provider": "provider[\"registry.terraform.io/hashicorp/azurerm\"]",
      "instances": [
        {
          "schema_version": 0,
          "attributes": {
            "authentication_certificate": [],
            "autoscale_configuration": [],
            "backend_address_pool": [
              {
                "fqdns": [],
                "id": "/subscriptions/673df29e-c2cb-48fe-b265-ff46e2beb987/resourceGroups/my_resources/providers/Microsoft.Network/applicationGateways/my_app_gateway80/backendAddressPools/my_network-beap",
                "ip_addresses": [],
                "name": "my_network-beap"
              }
            ],
            "backend_http_settings": [
              {
                "affinity_cookie_name": "",
                "authentication_certificate": [],
                "connection_draining": [],
                "cookie_based_affinity": "Disabled",
                "host_name": "",
                "id": "/subscriptions/673df29e-c2cb-48fe-b265-ff46e2beb987/resourceGroups/my_resources/providers/Microsoft.Network/applicationGateways/my_app_gateway80/backendHttpSettingsCollection/my_network-be-htst",
                "name": "my_network-be-htst",
                "path": "",
                "pick_host_name_from_backend_address": false,
                "port": 80,
                "probe_id": "",
                "probe_name": "",
                "protocol": "Http",
                "request_timeout": 60,
                "trusted_root_certificate_names": []
              }
            ],
            "custom_error_configuration": [],
            "enable_http2": false,
            "firewall_policy_id": null,
            "frontend_ip_configuration": [
              {
                "id": "/subscriptions/673df29e-c2cb-48fe-b265-ff46e2beb987/resourceGroups/my_resources/providers/Microsoft.Network/applicationGateways/my_app_gateway80/frontendIPConfigurations/my_network-feip",
                "name": "my_network-feip",
                "private_ip_address": "",
                "private_ip_address_allocation": "Dynamic",
                "public_ip_address_id": "/subscriptions/673df29e-c2cb-48fe-b265-ff46e2beb987/resourceGroups/my_resources/providers/Microsoft.Network/publicIPAddresses/my-public-ip",
                "subnet_id": ""
              }
            ],
            "frontend_port": [
              {
                "id": "/subscriptions/673df29e-c2cb-48fe-b265-ff46e2beb987/resourceGroups/my_resources/providers/Microsoft.Network/applicationGateways/my_app_gateway80/frontendPorts/my_network-feport",
                "name": "my_network-feport",
                "port": 80
              }
            ],
            "gateway_ip_configuration": [
              {
                "id": "/subscriptions/673df29e-c2cb-48fe-b265-ff46e2beb987/resourceGroups/my_resources/providers/Microsoft.Network/applicationGateways/my_app_gateway80/gatewayIPConfigurations/my-gateway-ip-configuration",
                "name": "my-gateway-ip-configuration",
                "subnet_id": "/subscriptions/673df29e-c2cb-48fe-b265-ff46e2beb987/resourceGroups/my_resources/providers/Microsoft.Network/virtualNetworks/my_network/subnets/frontend"
              }
            ],
            "http_listener": [
              {
                "custom_error_configuration": [],
                "firewall_policy_id": "",
                "frontend_ip_configuration_id": "/subscriptions/673df29e-c2cb-48fe-b265-ff46e2beb987/resourceGroups/my_resources/providers/Microsoft.Network/applicationGateways/my_app_gateway80/frontendIPConfigurations/my_network-feip",
                "frontend_ip_configuration_name": "my_network-feip",
                "frontend_port_id": "/subscriptions/673df29e-c2cb-48fe-b265-ff46e2beb987/resourceGroups/my_resources/providers/Microsoft.Network/applicationGateways/my_app_gateway80/frontendPorts/my_network-feport",
                "frontend_port_name": "my_network-feport",
                "host_name": "",
                "host_names": [],
                "id": "/subscriptions/673df29e-c2cb-48fe-b265-ff46e2beb987/resourceGroups/my_resources/providers/Microsoft.Network/applicationGateways/my_app_gateway80/httpListeners/my_network-httplstn",
                "name": "my_network-httplstn",
                "protocol": "Http",
                "require_sni": false,
                "ssl_certificate_id": "",
                "ssl_certificate_name": "",
                "ssl_profile_id": "",
                "ssl_profile_name": ""
              }
            ],
            "id": "/subscriptions/673df29e-c2cb-48fe-b265-ff46e2beb987/resourceGroups/my_resources/providers/Microsoft.Network/applicationGateways/my_app_gateway80",
            "identity": [],
            "location": "northeurope",
            "name": "my_app_gateway80",
            "probe": [],
            "redirect_configuration": [],
            "request_routing_rule": [
              {
                "backend_address_pool_id": "/subscriptions/673df29e-c2cb-48fe-b265-ff46e2beb987/resourceGroups/my_resources/providers/Microsoft.Network/applicationGateways/my_app_gateway80/backendAddressPools/my_network-beap",
                "backend_address_pool_name": "my_network-beap",
                "backend_http_settings_id": "/subscriptions/673df29e-c2cb-48fe-b265-ff46e2beb987/resourceGroups/my_resources/providers/Microsoft.Network/applicationGateways/my_app_gateway80/backendHttpSettingsCollection/my_network-be-htst",
                "backend_http_settings_name": "my_network-be-htst",
                "http_listener_id": "/subscriptions/673df29e-c2cb-48fe-b265-ff46e2beb987/resourceGroups/my_resources/providers/Microsoft.Network/applicationGateways/my_app_gateway80/httpListeners/my_network-httplstn",
                "http_listener_name": "my_network-httplstn",
                "id": "/subscriptions/673df29e-c2cb-48fe-b265-ff46e2beb987/resourceGroups/my_resources/providers/Microsoft.Network/applicationGateways/my_app_gateway80/requestRoutingRules/my_network-rqrt",
                "name": "my_network-rqrt",
                "priority": 0,
                "redirect_configuration_id": "",
                "redirect_configuration_name": "",
                "rewrite_rule_set_id": "",
                "rewrite_rule_set_name": "",
                "rule_type": "Basic",
                "url_path_map_id": "",
                "url_path_map_name": ""
              }
            ],
            "resource_group_name": "my_resources",
            "rewrite_rule_set": [],
            "sku": [
              {
                "capacity": 2,
                "name": "Standard_Small",
                "tier": "Standard"
              }
            ],
            "ssl_certificate": [],
            "ssl_policy": [
              {
                "cipher_suites": [],
                "disabled_protocols": [],
                "min_protocol_version": "",
                "policy_name": "AppGwSslPolicy20150501",
                "policy_type": "Predefined"
              }
            ],
            "ssl_profile": [],
            "tags": {},
            "timeouts": null,
            "trusted_client_certificate": [],
            "trusted_root_certificate": [],
            "url_path_map": [],
            "waf_configuration": [],
            "zones": []
          },
          "sensitive_attributes": [],
          "private": "eyJlMmJmYjczMC1lY2FhLTExZTYtOGY4OC0zNDM2M2JjN2M0YzAiOnsiY3JlYXRlIjo1NDAwMDAwMDAwMDAwLCJkZWxldGUiOjU0MDAwMDAwMDAwMDAsInJlYWQiOjMwMDAwMDAwMDAwMCwidXBkYXRlIjo1NDAwMDAwMDAwMDAwfX0=",
          "dependencies": [
            "azurerm_public_ip.my_ip",
            "azurerm_resource_group.main",
            "azurerm_subnet.frontend",
            "azurerm_virtual_network.network"
          ]
        }
      ]
    },
    {
      "mode": "managed",
      "type": "azurerm_network_security_group",
      "name": "net_security",
      "provider": "provider[\"registry.terraform.io/hashicorp/azurerm\"]",
      "instances": [
        {
          "schema_version": 0,
          "attributes": {
            "id": "/subscriptions/673df29e-c2cb-48fe-b265-ff46e2beb987/resourceGroups/my_resources/providers/Microsoft.Network/networkSecurityGroups/acceptanceTestSecurityGroup1",
            "location": "northeurope",
            "name": "acceptanceTestSecurityGroup1",
            "resource_group_name": "my_resources",
            "security_rule": [
              {
                "access": "Allow",
                "description": "",
                "destination_address_prefix": "*",
                "destination_address_prefixes": [],
                "destination_application_security_group_ids": [],
                "destination_port_range": "*",
                "destination_port_ranges": [],
                "direction": "Inbound",
                "name": "test123",
                "priority": 100,
                "protocol": "Tcp",
                "source_address_prefix": "*",
                "source_address_prefixes": [],
                "source_application_security_group_ids": [],
                "source_port_range": "*",
                "source_port_ranges": []
              },
              {
                "access": "Allow",
                "description": "",
                "destination_address_prefix": "*",
                "destination_address_prefixes": [],
                "destination_application_security_group_ids": [],
                "destination_port_range": "*",
                "destination_port_ranges": [],
                "direction": "Outbound",
                "name": "test124",
                "priority": 100,
                "protocol": "Tcp",
                "source_address_prefix": "*",
                "source_address_prefixes": [],
                "source_application_security_group_ids": [],
                "source_port_range": "*",
                "source_port_ranges": []
              }
            ],
            "tags": {
              "environment": "Production"
            },
            "timeouts": null
          },
          "sensitive_attributes": [],
          "private": "eyJlMmJmYjczMC1lY2FhLTExZTYtOGY4OC0zNDM2M2JjN2M0YzAiOnsiY3JlYXRlIjoxODAwMDAwMDAwMDAwLCJkZWxldGUiOjE4MDAwMDAwMDAwMDAsInJlYWQiOjMwMDAwMDAwMDAwMCwidXBkYXRlIjoxODAwMDAwMDAwMDAwfX0=",
          "dependencies": [
            "azurerm_resource_group.main"
          ]
        }
      ]
    },
    {
      "mode": "managed",
      "type": "azurerm_public_ip",
      "name": "my_ip",
      "provider": "provider[\"registry.terraform.io/hashicorp/azurerm\"]",
      "instances": [
        {
          "schema_version": 0,
          "attributes": {
            "allocation_method": "Dynamic",
            "availability_zone": "No-Zone",
            "domain_name_label": "mygatewaytest8011",
            "fqdn": "mygatewaytest8011.northeurope.cloudapp.azure.com",
            "id": "/subscriptions/673df29e-c2cb-48fe-b265-ff46e2beb987/resourceGroups/my_resources/providers/Microsoft.Network/publicIPAddresses/my-public-ip",
            "idle_timeout_in_minutes": 4,
            "ip_address": "20.123.0.25",
            "ip_tags": {},
            "ip_version": "IPv4",
            "location": "northeurope",
            "name": "my-public-ip",
            "public_ip_prefix_id": null,
            "resource_group_name": "my_resources",
            "reverse_fqdn": "",
            "sku": "Basic",
            "sku_tier": "Regional",
            "tags": {},
            "timeouts": null,
            "zones": []
          },
          "sensitive_attributes": [],
          "private": "eyJlMmJmYjczMC1lY2FhLTExZTYtOGY4OC0zNDM2M2JjN2M0YzAiOnsiY3JlYXRlIjoxODAwMDAwMDAwMDAwLCJkZWxldGUiOjE4MDAwMDAwMDAwMDAsInJlYWQiOjMwMDAwMDAwMDAwMCwidXBkYXRlIjoxODAwMDAwMDAwMDAwfX0=",
          "dependencies": [
            "azurerm_resource_group.main"
          ]
        }
      ]
    },
    {
      "mode": "managed",
      "type": "azurerm_resource_group",
      "name": "main",
      "provider": "provider[\"registry.terraform.io/hashicorp/azurerm\"]",
      "instances": [
        {
          "schema_version": 0,
          "attributes": {
            "id": "/subscriptions/673df29e-c2cb-48fe-b265-ff46e2beb987/resourceGroups/my_resources",
            "location": "northeurope",
            "name": "my_resources",
            "tags": {},
            "timeouts": null
          },
          "sensitive_attributes": [],
          "private": "eyJlMmJmYjczMC1lY2FhLTExZTYtOGY4OC0zNDM2M2JjN2M0YzAiOnsiY3JlYXRlIjo1NDAwMDAwMDAwMDAwLCJkZWxldGUiOjU0MDAwMDAwMDAwMDAsInJlYWQiOjMwMDAwMDAwMDAwMCwidXBkYXRlIjo1NDAwMDAwMDAwMDAwfX0="
        }
      ]
    },
    {
      "mode": "managed",
      "type": "azurerm_storage_account",
      "name": "shareacc",
      "provider": "provider[\"registry.terraform.io/hashicorp/azurerm\"]",
      "instances": [
        {
          "schema_version": 2,
          "attributes": {
            "access_tier": "Hot",
            "account_kind": "StorageV2",
            "account_replication_type": "LRS",
            "account_tier": "Standard",
            "allow_blob_public_access": false,
            "azure_files_authentication": [],
            "blob_properties": [
              {
                "change_feed_enabled": false,
                "container_delete_retention_policy": [],
                "cors_rule": [],
                "default_service_version": "",
                "delete_retention_policy": [],
                "last_access_time_enabled": false,
                "versioning_enabled": false
              }
            ],
            "custom_domain": [],
            "enable_https_traffic_only": true,
            "id": "/subscriptions/673df29e-c2cb-48fe-b265-ff46e2beb987/resourceGroups/my_resources/providers/Microsoft.Storage/storageAccounts/storagepagerusd801",
            "identity": [],
            "is_hns_enabled": false,
            "large_file_share_enabled": null,
            "location": "northeurope",
            "min_tls_version": "TLS1_0",
            "name": "storagepagerusd801",
            "network_rules": [
              {
                "bypass": [
                  "AzureServices"
                ],
                "default_action": "Allow",
                "ip_rules": [],
                "private_link_access": [],
                "virtual_network_subnet_ids": []
              }
            ],
            "nfsv3_enabled": false,
            "primary_access_key": "2QTEFIshElQ3q0hN9/gD3+4t4Djx9vhG+km6niZOir3r7NheWHEytPkOoUY3chTM+qIRXBn1dOhtOWdk0Jiv4g==",
            "primary_blob_connection_string": "DefaultEndpointsProtocol=https;BlobEndpoint=https://storagepagerusd801.blob.core.windows.net/;AccountName=storagepagerusd801;AccountKey=2QTEFIshElQ3q0hN9/gD3+4t4Djx9vhG+km6niZOir3r7NheWHEytPkOoUY3chTM+qIRXBn1dOhtOWdk0Jiv4g==",
            "primary_blob_endpoint": "https://storagepagerusd801.blob.core.windows.net/",
            "primary_blob_host": "storagepagerusd801.blob.core.windows.net",
            "primary_connection_string": "DefaultEndpointsProtocol=https;AccountName=storagepagerusd801;AccountKey=2QTEFIshElQ3q0hN9/gD3+4t4Djx9vhG+km6niZOir3r7NheWHEytPkOoUY3chTM+qIRXBn1dOhtOWdk0Jiv4g==;EndpointSuffix=core.windows.net",
            "primary_dfs_endpoint": "https://storagepagerusd801.dfs.core.windows.net/",
            "primary_dfs_host": "storagepagerusd801.dfs.core.windows.net",
            "primary_file_endpoint": "https://storagepagerusd801.file.core.windows.net/",
            "primary_file_host": "storagepagerusd801.file.core.windows.net",
            "primary_location": "northeurope",
            "primary_queue_endpoint": "https://storagepagerusd801.queue.core.windows.net/",
            "primary_queue_host": "storagepagerusd801.queue.core.windows.net",
            "primary_table_endpoint": "https://storagepagerusd801.table.core.windows.net/",
            "primary_table_host": "storagepagerusd801.table.core.windows.net",
            "primary_web_endpoint": "https://storagepagerusd801.z16.web.core.windows.net/",
            "primary_web_host": "storagepagerusd801.z16.web.core.windows.net",
            "queue_encryption_key_type": "Service",
            "queue_properties": [
              {
                "cors_rule": [],
                "hour_metrics": [
                  {
                    "enabled": true,
                    "include_apis": true,
                    "retention_policy_days": 7,
                    "version": "1.0"
                  }
                ],
                "logging": [
                  {
                    "delete": false,
                    "read": false,
                    "retention_policy_days": 0,
                    "version": "1.0",
                    "write": false
                  }
                ],
                "minute_metrics": [
                  {
                    "enabled": false,
                    "include_apis": false,
                    "retention_policy_days": 0,
                    "version": "1.0"
                  }
                ]
              }
            ],
            "resource_group_name": "my_resources",
            "routing": [],
            "secondary_access_key": "goROloTSlo1z5UANTADFS1/WE5iAfzhfToFupeumJ9RHWQ+krepqNKNTPebwdctvc7/HvE7nW7dYRYpfc7QmUw==",
            "secondary_blob_connection_string": "",
            "secondary_blob_endpoint": null,
            "secondary_blob_host": null,
            "secondary_connection_string": "DefaultEndpointsProtocol=https;AccountName=storagepagerusd801;AccountKey=goROloTSlo1z5UANTADFS1/WE5iAfzhfToFupeumJ9RHWQ+krepqNKNTPebwdctvc7/HvE7nW7dYRYpfc7QmUw==;EndpointSuffix=core.windows.net",
            "secondary_dfs_endpoint": null,
            "secondary_dfs_host": null,
            "secondary_file_endpoint": null,
            "secondary_file_host": null,
            "secondary_location": "",
            "secondary_queue_endpoint": null,
            "secondary_queue_host": null,
            "secondary_table_endpoint": null,
            "secondary_table_host": null,
            "secondary_web_endpoint": null,
            "secondary_web_host": null,
            "share_properties": [
              {
                "cors_rule": [],
                "retention_policy": [
                  {
                    "days": 7
                  }
                ],
                "smb": []
              }
            ],
            "shared_access_key_enabled": true,
            "static_website": [],
            "table_encryption_key_type": "Service",
            "tags": {},
            "timeouts": null
          },
          "sensitive_attributes": [],
          "private": "eyJlMmJmYjczMC1lY2FhLTExZTYtOGY4OC0zNDM2M2JjN2M0YzAiOnsiY3JlYXRlIjozNjAwMDAwMDAwMDAwLCJkZWxldGUiOjM2MDAwMDAwMDAwMDAsInJlYWQiOjMwMDAwMDAwMDAwMCwidXBkYXRlIjozNjAwMDAwMDAwMDAwfSwic2NoZW1hX3ZlcnNpb24iOiIyIn0=",
          "dependencies": [
            "azurerm_resource_group.main"
          ]
        }
      ]
    },
    {
      "mode": "managed",
      "type": "azurerm_storage_share",
      "name": "shares",
      "provider": "provider[\"registry.terraform.io/hashicorp/azurerm\"]",
      "instances": [
        {
          "schema_version": 2,
          "attributes": {
            "acl": [],
            "enabled_protocol": "SMB",
            "id": "https://storagepagerusd801.file.core.windows.net/myfilestorage",
            "metadata": {},
            "name": "myfilestorage",
            "quota": 1,
            "resource_manager_id": "/subscriptions/673df29e-c2cb-48fe-b265-ff46e2beb987/resourceGroups/my_resources/providers/Microsoft.Storage/storageAccounts/storagepagerusd801/fileServices/default/fileshares/myfilestorage",
            "storage_account_name": "storagepagerusd801",
            "timeouts": null,
            "url": "https://storagepagerusd801.file.core.windows.net/myfilestorage"
          },
          "sensitive_attributes": [],
          "private": "eyJlMmJmYjczMC1lY2FhLTExZTYtOGY4OC0zNDM2M2JjN2M0YzAiOnsiY3JlYXRlIjoxODAwMDAwMDAwMDAwLCJkZWxldGUiOjE4MDAwMDAwMDAwMDAsInJlYWQiOjMwMDAwMDAwMDAwMCwidXBkYXRlIjoxODAwMDAwMDAwMDAwfSwic2NoZW1hX3ZlcnNpb24iOiIyIn0=",
          "dependencies": [
            "azurerm_storage_account.shareacc",
            "azurerm_resource_group.main"
          ]
        }
      ]
    },
    {
      "mode": "managed",
      "type": "azurerm_storage_share_file",
      "name": "mysharedfile",
      "provider": "provider[\"registry.terraform.io/hashicorp/azurerm\"]",
      "instances": [
        {
          "schema_version": 0,
          "attributes": {
            "content_disposition": "",
            "content_encoding": "",
            "content_md5": "",
            "content_type": "application/octet-stream",
            "id": "https://storagepagerusd801.file.core.windows.net/myfilestorage//index.html",
            "metadata": {},
            "name": "index.html",
            "path": "",
            "source": "index.html",
            "storage_share_id": "https://storagepagerusd801.file.core.windows.net/myfilestorage",
            "timeouts": null
          },
          "sensitive_attributes": [],
          "private": "eyJlMmJmYjczMC1lY2FhLTExZTYtOGY4OC0zNDM2M2JjN2M0YzAiOnsiY3JlYXRlIjoxODAwMDAwMDAwMDAwLCJkZWxldGUiOjE4MDAwMDAwMDAwMDAsInJlYWQiOjMwMDAwMDAwMDAwMCwidXBkYXRlIjoxODAwMDAwMDAwMDAwfX0=",
          "dependencies": [
            "azurerm_resource_group.main",
            "azurerm_storage_account.shareacc",
            "azurerm_storage_share.shares"
          ]
        }
      ]
    },
    {
      "mode": "managed",
      "type": "azurerm_subnet",
      "name": "backend",
      "provider": "provider[\"registry.terraform.io/hashicorp/azurerm\"]",
      "instances": [
        {
          "schema_version": 0,
          "attributes": {
            "address_prefix": "10.0.2.0/24",
            "address_prefixes": [
              "10.0.2.0/24"
            ],
            "delegation": [],
            "enforce_private_link_endpoint_network_policies": false,
            "enforce_private_link_service_network_policies": false,
            "id": "/subscriptions/673df29e-c2cb-48fe-b265-ff46e2beb987/resourceGroups/my_resources/providers/Microsoft.Network/virtualNetworks/my_network/subnets/backend",
            "name": "backend",
            "resource_group_name": "my_resources",
            "service_endpoint_policy_ids": [],
            "service_endpoints": [],
            "timeouts": null,
            "virtual_network_name": "my_network"
          },
          "sensitive_attributes": [],
          "private": "eyJlMmJmYjczMC1lY2FhLTExZTYtOGY4OC0zNDM2M2JjN2M0YzAiOnsiY3JlYXRlIjoxODAwMDAwMDAwMDAwLCJkZWxldGUiOjE4MDAwMDAwMDAwMDAsInJlYWQiOjMwMDAwMDAwMDAwMCwidXBkYXRlIjoxODAwMDAwMDAwMDAwfX0=",
          "dependencies": [
            "azurerm_virtual_network.network",
            "azurerm_resource_group.main"
          ]
        }
      ]
    },
    {
      "mode": "managed",
      "type": "azurerm_subnet",
      "name": "frontend",
      "provider": "provider[\"registry.terraform.io/hashicorp/azurerm\"]",
      "instances": [
        {
          "schema_version": 0,
          "attributes": {
            "address_prefix": "10.0.1.0/24",
            "address_prefixes": [
              "10.0.1.0/24"
            ],
            "delegation": [],
            "enforce_private_link_endpoint_network_policies": false,
            "enforce_private_link_service_network_policies": false,
            "id": "/subscriptions/673df29e-c2cb-48fe-b265-ff46e2beb987/resourceGroups/my_resources/providers/Microsoft.Network/virtualNetworks/my_network/subnets/frontend",
            "name": "frontend",
            "resource_group_name": "my_resources",
            "service_endpoint_policy_ids": [],
            "service_endpoints": [],
            "timeouts": null,
            "virtual_network_name": "my_network"
          },
          "sensitive_attributes": [],
          "private": "eyJlMmJmYjczMC1lY2FhLTExZTYtOGY4OC0zNDM2M2JjN2M0YzAiOnsiY3JlYXRlIjoxODAwMDAwMDAwMDAwLCJkZWxldGUiOjE4MDAwMDAwMDAwMDAsInJlYWQiOjMwMDAwMDAwMDAwMCwidXBkYXRlIjoxODAwMDAwMDAwMDAwfX0=",
          "dependencies": [
            "azurerm_virtual_network.network",
            "azurerm_resource_group.main"
          ]
        }
      ]
    },
    {
      "mode": "managed",
      "type": "azurerm_virtual_machine_scale_set",
      "name": "vmset",
      "provider": "provider[\"registry.terraform.io/hashicorp/azurerm\"]",
      "instances": [
        {
          "schema_version": 1,
          "attributes": {
            "automatic_os_upgrade": false,
            "boot_diagnostics": [
              {
                "enabled": true,
                "storage_uri": ""
              }
            ],
            "eviction_policy": "",
            "extension": [],
            "health_probe_id": null,
            "id": "/subscriptions/673df29e-c2cb-48fe-b265-ff46e2beb987/resourceGroups/my_resources/providers/Microsoft.Compute/virtualMachineScaleSets/vm-scale-set",
            "identity": [],
            "license_type": "",
            "location": "northeurope",
            "name": "vm-scale-set",
            "network_profile": [
              {
                "accelerated_networking": false,
                "dns_settings": [
                  {
                    "dns_servers": []
                  }
                ],
                "ip_configuration": [
                  {
                    "application_gateway_backend_address_pool_ids": [
                      "/subscriptions/673df29e-c2cb-48fe-b265-ff46e2beb987/resourceGroups/my_resources/providers/Microsoft.Network/applicationGateways/my_app_gateway80/backendAddressPools/my_network-beap"
                    ],
                    "application_security_group_ids": [],
                    "load_balancer_backend_address_pool_ids": [],
                    "load_balancer_inbound_nat_rules_ids": [],
                    "name": "TestIPConfiguration",
                    "primary": true,
                    "public_ip_address_configuration": [],
                    "subnet_id": "/subscriptions/673df29e-c2cb-48fe-b265-ff46e2beb987/resourceGroups/my_resources/providers/Microsoft.Network/virtualNetworks/my_network/subnets/backend"
                  }
                ],
                "ip_forwarding": false,
                "name": "terraformnetworkprofile",
                "network_security_group_id": "",
                "primary": true
              }
            ],
            "os_profile": [
              {
                "admin_password": "",
                "admin_username": "myadmin",
                "computer_name_prefix": "testvm",
                "custom_data": "IyEvdXNyL2Jpbi9lbnYgYmFzaApzdWRvIGFwdC1nZXQgLXkgdXBkYXRlCnN1ZG8gYXB0LWdldCBpbnN0YWxsIC15IG5naW54CnN1ZG8gY2htb2QgNzc3IC92YXIvd3d3L2h0bWwvaW5kZXgubmdpbngtZGViaWFuLmh0bWwKc3VkbyBta2RpciAvbW50L215ZmlsZXN0b3JhZ2UKaWYgWyAhIC1kICIvZXRjL3NtYmNyZWRlbnRpYWxzIiBdOyB0aGVuCnN1ZG8gbWtkaXIgL2V0Yy9zbWJjcmVkZW50aWFscwpmaQppZiBbICEgLWYgIi9ldGMvc21iY3JlZGVudGlhbHMvc3RvcmFnZXBhZ2VydXNkODAxLmNyZWQiIF07IHRoZW4KICAgIHN1ZG8gYmFzaCAtYyAnZWNobyAidXNlcm5hbWU9c3RvcmFnZXBhZ2VydXNkODAxIiA+PiAvZXRjL3NtYmNyZWRlbnRpYWxzL3N0b3JhZ2VwYWdlcnVzZDgwMS5jcmVkJwogICAgc3VkbyBiYXNoIC1jICdlY2hvICJwYXNzd29yZD0yUVRFRklzaEVsUTNxMGhOOS9nRDMrNHQ0RGp4OXZoRytrbTZuaVpPaXIzcjdOaGVXSEV5dFBrT29VWTNjaFRNK3FJUlhCbjFkT2h0T1dkazBKaXY0Zz09IiA+PiAvZXRjL3NtYmNyZWRlbnRpYWxzL3N0b3JhZ2VwYWdlcnVzZDgwMS5jcmVkJwpmaQpzdWRvIGNobW9kIDYwMCAvZXRjL3NtYmNyZWRlbnRpYWxzL3N0b3JhZ2VwYWdlcnVzZDgwMS5jcmVkCnN1ZG8gYmFzaCAtYyAnZWNobyAiLy9zdG9yYWdlcGFnZXJ1c2Q4MDEuZmlsZS5jb3JlLndpbmRvd3MubmV0L215ZmlsZXN0b3JhZ2UgL21udC9teWZpbGVzdG9yYWdlIGNpZnMgbm9mYWlsLHZlcnM9My4wLGNyZWRlbnRpYWxzPS9ldGMvc21iY3JlZGVudGlhbHMvc3RvcmFnZXBhZ2VydXNkODAxLmNyZWQsZGlyX21vZGU9MDc3NyxmaWxlX21vZGU9MDc3NyxzZXJ2ZXJpbm8iID4+IC9ldGMvZnN0YWInCnN1ZG8gbW91bnQgLXQgY2lmcyAvL3N0b3JhZ2VwYWdlcnVzZDgwMS5maWxlLmNvcmUud2luZG93cy5uZXQvbXlmaWxlc3RvcmFnZSAvbW50L215ZmlsZXN0b3JhZ2UgLW8gdmVycz0zLjAsY3JlZGVudGlhbHM9L2V0Yy9zbWJjcmVkZW50aWFscy9zdG9yYWdlcGFnZXJ1c2Q4MDEuY3JlZCxkaXJfbW9kZT0wNzc3LGZpbGVfbW9kZT0wNzc3LHNlcnZlcmlubwpzdWRvIG12IC9tbnQvbXlmaWxlc3RvcmFnZS9pbmRleC5odG1sIC92YXIvd3d3L2h0bWwvaW5kZXgubmdpbngtZGViaWFuLmh0bWwKc3VkbyBzZXJ2aWNlIG5naW54IHJlc3RhcnQKc3VkbyB1bW91bnQgL21udC9teWZpbGVzdG9yYWdl"
              }
            ],
            "os_profile_linux_config": [
              {
                "disable_password_authentication": true,
                "ssh_keys": [
                  {
                    "key_data": "ssh-rsa AAAAB3NzaC1yc2EAAAADAQABAAABgQCjxugh5xTz9BG2QelJiNf330meUwR5RAicieAMTAB2VvssoLWKhJ/zFPSFVC1oLo3dmqmZ/aC4AhIWRRNz7SPrb0PXB3RqIKOAoqLGwy0gmaURI44l5iKfMutu8Oa7rEhk2ddx+fGgWW9+kXUc7+sm/wawtyMOX6YYy/Tm0Qj35Y87H3ofe+SvoUeCAPHAOZGx6t/JWhIVbCVeK+CAZddi0jNzWx0QrEaw/atr34eY6MVnEmTjZSrjxxRpy44NGEdwaadpkbkJrTE31QdiRlQd7MXjQnxOuuJ/ci/RpqEaVxRSQV/hyP8Wul5mJWCz0UHXRivbTrNALdqghuUwAo2ekXQalf1ZUbblUIQ6l7fRsMF4oJqCMUS6jcaCyimcpn3262yBs/AqxEF+MksmwckTofxjfArOkbAXlTyil+7U+7U+AtjUjy54f3dql8Y/lIylFfDR/Ax6nxHdfoy7oO/LTo6RCv4QaBJRbGODrOxGtFIxzn7UoKAWTVYQhcMY+58= cube366@xiaomi-air-13\n",
                    "path": "/home/myadmin/.ssh/authorized_keys"
                  }
                ]
              }
            ],
            "os_profile_secrets": [],
            "os_profile_windows_config": [],
            "overprovision": true,
            "plan": [],
            "priority": "",
            "proximity_placement_group_id": null,
            "resource_group_name": "my_resources",
            "rolling_upgrade_policy": [],
            "single_placement_group": true,
            "sku": [
              {
                "capacity": 1,
                "name": "Standard_B1s",
                "tier": "Standard"
              }
            ],
            "storage_profile_data_disk": [
              {
                "caching": "ReadWrite",
                "create_option": "Empty",
                "disk_size_gb": 1,
                "lun": 0,
                "managed_disk_type": "Standard_LRS"
              }
            ],
            "storage_profile_image_reference": [
              {
                "id": "",
                "offer": "UbuntuServer",
                "publisher": "Canonical",
                "sku": "18.04-LTS",
                "version": "latest"
              }
            ],
            "storage_profile_os_disk": [
              {
                "caching": "ReadWrite",
                "create_option": "FromImage",
                "image": "",
                "managed_disk_type": "Standard_LRS",
                "name": "",
                "os_type": "Linux",
                "vhd_containers": []
              }
            ],
            "tags": {},
            "timeouts": null,
            "upgrade_policy_mode": "Manual",
            "zones": [
              "1",
              "2"
            ]
          },
          "sensitive_attributes": [],
          "private": "eyJlMmJmYjczMC1lY2FhLTExZTYtOGY4OC0zNDM2M2JjN2M0YzAiOnsiY3JlYXRlIjozNjAwMDAwMDAwMDAwLCJkZWxldGUiOjM2MDAwMDAwMDAwMDAsInJlYWQiOjMwMDAwMDAwMDAwMCwidXBkYXRlIjozNjAwMDAwMDAwMDAwfSwic2NoZW1hX3ZlcnNpb24iOiIxIn0=",
          "dependencies": [
            "azurerm_application_gateway.network",
            "azurerm_resource_group.main",
            "azurerm_subnet.backend"
          ]
        }
      ]
    },
    {
      "mode": "managed",
      "type": "azurerm_virtual_network",
      "name": "network",
      "provider": "provider[\"registry.terraform.io/hashicorp/azurerm\"]",
      "instances": [
        {
          "schema_version": 0,
          "attributes": {
            "address_space": [
              "10.0.0.0/16"
            ],
            "bgp_community": "",
            "ddos_protection_plan": [],
            "dns_servers": [],
            "flow_timeout_in_minutes": 0,
            "guid": "c5b77d5d-00bd-4f4e-abb0-b80f4efcc39a",
            "id": "/subscriptions/673df29e-c2cb-48fe-b265-ff46e2beb987/resourceGroups/my_resources/providers/Microsoft.Network/virtualNetworks/my_network",
            "location": "northeurope",
            "name": "my_network",
            "resource_group_name": "my_resources",
            "subnet": [
              {
                "address_prefix": "10.0.1.0/24",
                "id": "/subscriptions/673df29e-c2cb-48fe-b265-ff46e2beb987/resourceGroups/my_resources/providers/Microsoft.Network/virtualNetworks/my_network/subnets/frontend",
                "name": "frontend",
                "security_group": ""
              },
              {
                "address_prefix": "10.0.2.0/24",
                "id": "/subscriptions/673df29e-c2cb-48fe-b265-ff46e2beb987/resourceGroups/my_resources/providers/Microsoft.Network/virtualNetworks/my_network/subnets/backend",
                "name": "backend",
                "security_group": ""
              }
            ],
            "tags": {},
            "timeouts": null,
            "vm_protection_enabled": false
          },
          "sensitive_attributes": [],
          "private": "eyJlMmJmYjczMC1lY2FhLTExZTYtOGY4OC0zNDM2M2JjN2M0YzAiOnsiY3JlYXRlIjoxODAwMDAwMDAwMDAwLCJkZWxldGUiOjE4MDAwMDAwMDAwMDAsInJlYWQiOjMwMDAwMDAwMDAwMCwidXBkYXRlIjoxODAwMDAwMDAwMDAwfX0=",
          "dependencies": [
            "azurerm_resource_group.main"
          ]
        }
      ]
    }
  ]
}
