{
  "version": 4,
  "terraform_version": "1.1.0",
  "serial": 132,
  "lineage": "7b9959c7-4a0f-f5b3-737b-db61542d021f",
  "outputs": {
    "web_loadbalancer_url": {
      "value": "myALB-1905764260.eu-central-1.elb.amazonaws.com",
      "type": "string"
    }
  },
  "resources": [
    {
      "mode": "data",
      "type": "aws_availability_zones",
      "name": "available",
      "provider": "provider[\"registry.terraform.io/hashicorp/aws\"]",
      "instances": [
        {
          "schema_version": 0,
          "attributes": {
            "all_availability_zones": null,
            "exclude_names": null,
            "exclude_zone_ids": null,
            "filter": null,
            "group_names": [
              "eu-central-1"
            ],
            "id": "eu-central-1",
            "names": [
              "eu-central-1a",
              "eu-central-1b",
              "eu-central-1c"
            ],
            "state": null,
            "zone_ids": [
              "euc1-az2",
              "euc1-az3",
              "euc1-az1"
            ]
          },
          "sensitive_attributes": []
        }
      ]
    },
    {
      "mode": "managed",
      "type": "aws_autoscaling_group",
      "name": "web",
      "provider": "provider[\"registry.terraform.io/hashicorp/aws\"]",
      "instances": [
        {
          "schema_version": 0,
          "attributes": {
            "arn": "arn:aws:autoscaling:eu-central-1:810897027937:autoScalingGroup:6fea012d-a7cd-49f2-b4fa-2051e28f6e3e:autoScalingGroupName/ASG-terraform_homeworkLC_20211214144709895600000001",
            "availability_zones": [
              "eu-central-1a",
              "eu-central-1b"
            ],
            "capacity_rebalance": false,
            "default_cooldown": 300,
            "desired_capacity": 2,
            "enabled_metrics": [],
            "force_delete": false,
            "force_delete_warm_pool": false,
            "health_check_grace_period": 300,
            "health_check_type": "ELB",
            "id": "ASG-terraform_homeworkLC_20211214144709895600000001",
            "initial_lifecycle_hook": [],
            "instance_refresh": [],
            "launch_configuration": "terraform_homeworkLC_20211214144709895600000001",
            "launch_template": [],
            "load_balancers": [],
            "max_instance_lifetime": 0,
            "max_size": 2,
            "metrics_granularity": "1Minute",
            "min_elb_capacity": 2,
            "min_size": 2,
            "mixed_instances_policy": [],
            "name": "ASG-terraform_homeworkLC_20211214144709895600000001",
            "name_prefix": "ASG-terraform_homeworkLC_",
            "placement_group": "",
            "protect_from_scale_in": false,
            "service_linked_role_arn": "arn:aws:iam::810897027937:role/aws-service-role/autoscaling.amazonaws.com/AWSServiceRoleForAutoScaling",
            "suspended_processes": [],
            "tag": [],
            "tags": null,
            "target_group_arns": [
              "arn:aws:elasticloadbalancing:eu-central-1:810897027937:targetgroup/task-20211211124724017900000002/59aeac7bc5b11620"
            ],
            "termination_policies": [],
            "timeouts": null,
            "vpc_zone_identifier": [
              "subnet-00359226571121a75",
              "subnet-0fe499fddb3cc880b"
            ],
            "wait_for_capacity_timeout": "10m",
            "wait_for_elb_capacity": null,
            "warm_pool": []
          },
          "sensitive_attributes": [],
          "private": "eyJlMmJmYjczMC1lY2FhLTExZTYtOGY4OC0zNDM2M2JjN2M0YzAiOnsiZGVsZXRlIjo2MDAwMDAwMDAwMDB9fQ==",
          "dependencies": [
            "aws_iam_role.role_ec2_s3",
            "aws_launch_configuration.web",
            "aws_security_group.web",
            "aws_vpc.vpc",
            "aws_iam_instance_profile.inst_profile",
            "aws_lb_target_group.web",
            "aws_subnet.subnet_a",
            "aws_subnet.subnet_b",
            "data.aws_availability_zones.available",
            "tls_private_key.pk",
            "aws_key_pair.generated_key"
          ],
          "create_before_destroy": true
        }
      ]
    },
    {
      "mode": "managed",
      "type": "aws_iam_instance_profile",
      "name": "inst_profile",
      "provider": "provider[\"registry.terraform.io/hashicorp/aws\"]",
      "instances": [
        {
          "schema_version": 0,
          "attributes": {
            "arn": "arn:aws:iam::810897027937:instance-profile/terraform_homework-instance_profile",
            "create_date": "2021-12-13T12:51:48Z",
            "id": "terraform_homework-instance_profile",
            "name": "terraform_homework-instance_profile",
            "name_prefix": null,
            "path": "/",
            "role": "terraform_homework20211211135424398800000001",
            "tags": {},
            "tags_all": {},
            "unique_id": "AIPA3ZTJ2WNQV6TKSW7WA"
          },
          "sensitive_attributes": [],
          "private": "bnVsbA==",
          "dependencies": [
            "aws_iam_role.role_ec2_s3"
          ],
          "create_before_destroy": true
        }
      ]
    },
    {
      "mode": "managed",
      "type": "aws_iam_role",
      "name": "role_ec2_s3",
      "provider": "provider[\"registry.terraform.io/hashicorp/aws\"]",
      "instances": [
        {
          "schema_version": 0,
          "attributes": {
            "arn": "arn:aws:iam::810897027937:role/terraform_homework20211211135424398800000001",
            "assume_role_policy": "{\"Version\":\"2012-10-17\",\"Statement\":[{\"Sid\":\"\",\"Effect\":\"Allow\",\"Principal\":{\"Service\":\"ec2.amazonaws.com\"},\"Action\":\"sts:AssumeRole\"}]}",
            "create_date": "2021-12-11T13:54:24Z",
            "description": "",
            "force_detach_policies": false,
            "id": "terraform_homework20211211135424398800000001",
            "inline_policy": [
              {
                "name": "policy-ec2-s3",
                "policy": "{\"Statement\":[{\"Action\":[\"s3:Get*\",\"s3:List*\"],\"Effect\":\"Allow\",\"Resource\":\"*\"}],\"Version\":\"2012-10-17\"}"
              }
            ],
            "managed_policy_arns": [],
            "max_session_duration": 3600,
            "name": "terraform_homework20211211135424398800000001",
            "name_prefix": "terraform_homework",
            "path": "/",
            "permissions_boundary": null,
            "tags": {
              "tag-key": "terraform_homeworkrole_ec2_s3"
            },
            "tags_all": {
              "tag-key": "terraform_homeworkrole_ec2_s3"
            },
            "unique_id": "AROA3ZTJ2WNQUBMRFQXRT"
          },
          "sensitive_attributes": [],
          "private": "bnVsbA==",
          "create_before_destroy": true
        }
      ]
    },
    {
      "mode": "managed",
      "type": "aws_iam_role_policy",
      "name": "pol",
      "provider": "provider[\"registry.terraform.io/hashicorp/aws\"]",
      "instances": [
        {
          "schema_version": 0,
          "attributes": {
            "id": "terraform_homework20211211135424398800000001:policy-ec2-s3",
            "name": "policy-ec2-s3",
            "name_prefix": null,
            "policy": "{\"Statement\":[{\"Action\":[\"s3:Get*\",\"s3:List*\"],\"Effect\":\"Allow\",\"Resource\":\"*\"}],\"Version\":\"2012-10-17\"}",
            "role": "terraform_homework20211211135424398800000001"
          },
          "sensitive_attributes": [],
          "private": "bnVsbA==",
          "dependencies": [
            "aws_iam_role.role_ec2_s3"
          ]
        }
      ]
    },
    {
      "mode": "managed",
      "type": "aws_internet_gateway",
      "name": "gw",
      "provider": "provider[\"registry.terraform.io/hashicorp/aws\"]",
      "instances": [
        {
          "schema_version": 0,
          "attributes": {
            "arn": "arn:aws:ec2:eu-central-1:810897027937:internet-gateway/igw-03c0a517a7cc25f4a",
            "id": "igw-03c0a517a7cc25f4a",
            "owner_id": "810897027937",
            "tags": {
              "Name": "terraform_homeworkGW"
            },
            "tags_all": {
              "Name": "terraform_homeworkGW"
            },
            "vpc_id": "vpc-05be5ea417c59147e"
          },
          "sensitive_attributes": [],
          "private": "bnVsbA==",
          "dependencies": [
            "aws_vpc.vpc"
          ]
        }
      ]
    },
    {
      "mode": "managed",
      "type": "aws_key_pair",
      "name": "generated_key",
      "provider": "provider[\"registry.terraform.io/hashicorp/aws\"]",
      "instances": [
        {
          "schema_version": 1,
          "attributes": {
            "arn": "arn:aws:ec2:eu-central-1:810897027937:key-pair/eu-key",
            "fingerprint": "3e:95:ad:91:0f:75:61:a4:45:3b:28:c2:57:5b:bd:1a",
            "id": "eu-key",
            "key_name": "eu-key",
            "key_name_prefix": "",
            "key_pair_id": "key-01a786a56c9c13ba5",
            "public_key": "ssh-rsa AAAAB3NzaC1yc2EAAAADAQABAAACAQCUpQHGPKd3KeFxhTMJP1dR72GSiIt+X0qX6l5wKddsfVmH4XltfeF+rd+Hy19qmVFGrV+AWHVmKY5AMO7wAA3fiWj0D1/c4IhEvoMZDEvz/8SUkOf3pnVpeokbW91MkuxjI5OiE5oZ1l+NqyJHTgrst7aCE6mTrWsiLs5pQsFBtOnj5LsiKFxV2cu1Sww8ESNWm34/b1wYLSUL4W/9FZpB8ZVQto39gMif/bH1ODxq0u13hAVlM3w77sZeYLo2pQav4BLwxGMEqMdeUj+CN2CKfp7/+MIiuh7DyQv5ssTeUqpDGxexnCVhYYb9+LM0tzyXpasWUMysYph34BNwMy0mB85ZS1eM44q3GUILOlF0B2LupNSfrTf9oJN9qvC+E2mygwPdkLt9hZ8EITVfVOFu7V4xt8MS7Fm5z5eOplFdWY4M9szct037ca97P6dnQb2WZ8miocEBHBRa8P0y4ZnzJQoaE+EFoLymqb17cTO+fLuHeteiuicbnnH39hh+00oUwNNpdD4lrJBWbrkSP8tzFasrsB+G1FAvfLkAHYMXDrWb3xPr4+vZuTSVlUNCO9oz+2IjBVxt+k7VGUsf+CAOu+s02KjKnawTvMqxDedJMuN3jrtI9kLWSobvYTXxuRQx6Rp0WpYenzoA66sjXrhSrgrxY6V16s8XVfGIlqtp1w==",
            "tags": {},
            "tags_all": {}
          },
          "sensitive_attributes": [],
          "private": "eyJzY2hlbWFfdmVyc2lvbiI6IjEifQ==",
          "dependencies": [
            "tls_private_key.pk"
          ],
          "create_before_destroy": true
        }
      ]
    },
    {
      "mode": "managed",
      "type": "aws_launch_configuration",
      "name": "web",
      "provider": "provider[\"registry.terraform.io/hashicorp/aws\"]",
      "instances": [
        {
          "schema_version": 0,
          "attributes": {
            "arn": "arn:aws:autoscaling:eu-central-1:810897027937:launchConfiguration:eafc84de-0dbf-45ad-be01-f514be8a6eed:launchConfigurationName/terraform_homeworkLC_20211214144709895600000001",
            "associate_public_ip_address": false,
            "ebs_block_device": [],
            "ebs_optimized": false,
            "enable_monitoring": true,
            "ephemeral_block_device": [],
            "iam_instance_profile": "terraform_homework-instance_profile",
            "id": "terraform_homeworkLC_20211214144709895600000001",
            "image_id": "ami-05d34d340fb1d89e5",
            "instance_type": "t2.micro",
            "key_name": "eu-key",
            "metadata_options": [],
            "name": "terraform_homeworkLC_20211214144709895600000001",
            "name_prefix": "terraform_homeworkLC_",
            "placement_tenancy": null,
            "root_block_device": [],
            "security_groups": [
              "sg-0282c6d6d9798893e"
            ],
            "spot_price": "",
            "user_data": "ffbd2d6bc9d8bbcc3c91210a3870c57138a0c53c",
            "user_data_base64": null,
            "vpc_classic_link_id": "",
            "vpc_classic_link_security_groups": []
          },
          "sensitive_attributes": [],
          "private": "bnVsbA==",
          "dependencies": [
            "aws_vpc.vpc",
            "tls_private_key.pk",
            "aws_iam_instance_profile.inst_profile",
            "aws_iam_role.role_ec2_s3",
            "aws_key_pair.generated_key",
            "aws_security_group.web"
          ],
          "create_before_destroy": true
        }
      ]
    },
    {
      "mode": "managed",
      "type": "aws_lb",
      "name": "web",
      "provider": "provider[\"registry.terraform.io/hashicorp/aws\"]",
      "instances": [
        {
          "schema_version": 0,
          "attributes": {
            "access_logs": [
              {
                "bucket": "",
                "enabled": false,
                "prefix": ""
              }
            ],
            "arn": "arn:aws:elasticloadbalancing:eu-central-1:810897027937:loadbalancer/app/myALB/77eab5e0f681b1d7",
            "arn_suffix": "app/myALB/77eab5e0f681b1d7",
            "customer_owned_ipv4_pool": "",
            "desync_mitigation_mode": "defensive",
            "dns_name": "myALB-1905764260.eu-central-1.elb.amazonaws.com",
            "drop_invalid_header_fields": false,
            "enable_cross_zone_load_balancing": null,
            "enable_deletion_protection": false,
            "enable_http2": true,
            "enable_waf_fail_open": false,
            "id": "arn:aws:elasticloadbalancing:eu-central-1:810897027937:loadbalancer/app/myALB/77eab5e0f681b1d7",
            "idle_timeout": 60,
            "internal": false,
            "ip_address_type": "ipv4",
            "load_balancer_type": "application",
            "name": "myALB",
            "name_prefix": null,
            "security_groups": [
              "sg-0eaa77e36d677acf2"
            ],
            "subnet_mapping": [
              {
                "allocation_id": "",
                "ipv6_address": "",
                "outpost_id": "",
                "private_ipv4_address": "",
                "subnet_id": "subnet-00359226571121a75"
              },
              {
                "allocation_id": "",
                "ipv6_address": "",
                "outpost_id": "",
                "private_ipv4_address": "",
                "subnet_id": "subnet-0fe499fddb3cc880b"
              }
            ],
            "subnets": [
              "subnet-00359226571121a75",
              "subnet-0fe499fddb3cc880b"
            ],
            "tags": {},
            "tags_all": {},
            "timeouts": null,
            "vpc_id": "vpc-05be5ea417c59147e",
            "zone_id": "Z215JYRZR1TBD5"
          },
          "sensitive_attributes": [],
          "private": "eyJlMmJmYjczMC1lY2FhLTExZTYtOGY4OC0zNDM2M2JjN2M0YzAiOnsiY3JlYXRlIjo2MDAwMDAwMDAwMDAsImRlbGV0ZSI6NjAwMDAwMDAwMDAwLCJ1cGRhdGUiOjYwMDAwMDAwMDAwMH19",
          "dependencies": [
            "aws_vpc.vpc",
            "data.aws_availability_zones.available",
            "aws_security_group.elb",
            "aws_subnet.subnet_a",
            "aws_subnet.subnet_b"
          ]
        }
      ]
    },
    {
      "mode": "managed",
      "type": "aws_lb_listener",
      "name": "web",
      "provider": "provider[\"registry.terraform.io/hashicorp/aws\"]",
      "instances": [
        {
          "schema_version": 0,
          "attributes": {
            "alpn_policy": null,
            "arn": "arn:aws:elasticloadbalancing:eu-central-1:810897027937:listener/app/myALB/77eab5e0f681b1d7/d273b66a65d385ee",
            "certificate_arn": null,
            "default_action": [
              {
                "authenticate_cognito": [],
                "authenticate_oidc": [],
                "fixed_response": [],
                "forward": [],
                "order": 1,
                "redirect": [],
                "target_group_arn": "arn:aws:elasticloadbalancing:eu-central-1:810897027937:targetgroup/task-20211211124724017900000002/59aeac7bc5b11620",
                "type": "forward"
              }
            ],
            "id": "arn:aws:elasticloadbalancing:eu-central-1:810897027937:listener/app/myALB/77eab5e0f681b1d7/d273b66a65d385ee",
            "load_balancer_arn": "arn:aws:elasticloadbalancing:eu-central-1:810897027937:loadbalancer/app/myALB/77eab5e0f681b1d7",
            "port": 80,
            "protocol": "HTTP",
            "ssl_policy": "",
            "tags": {},
            "tags_all": {},
            "timeouts": null
          },
          "sensitive_attributes": [],
          "private": "eyJlMmJmYjczMC1lY2FhLTExZTYtOGY4OC0zNDM2M2JjN2M0YzAiOnsicmVhZCI6NjAwMDAwMDAwMDAwfX0=",
          "dependencies": [
            "aws_lb.web",
            "aws_lb_target_group.web",
            "aws_security_group.elb",
            "aws_subnet.subnet_a",
            "aws_subnet.subnet_b",
            "aws_vpc.vpc",
            "data.aws_availability_zones.available"
          ]
        }
      ]
    },
    {
      "mode": "managed",
      "type": "aws_lb_target_group",
      "name": "web",
      "provider": "provider[\"registry.terraform.io/hashicorp/aws\"]",
      "instances": [
        {
          "schema_version": 0,
          "attributes": {
            "arn": "arn:aws:elasticloadbalancing:eu-central-1:810897027937:targetgroup/task-20211211124724017900000002/59aeac7bc5b11620",
            "arn_suffix": "targetgroup/task-20211211124724017900000002/59aeac7bc5b11620",
            "connection_termination": false,
            "deregistration_delay": "300",
            "health_check": [
              {
                "enabled": true,
                "healthy_threshold": 5,
                "interval": 30,
                "matcher": "200",
                "path": "/",
                "port": "traffic-port",
                "protocol": "HTTP",
                "timeout": 5,
                "unhealthy_threshold": 2
              }
            ],
            "id": "arn:aws:elasticloadbalancing:eu-central-1:810897027937:targetgroup/task-20211211124724017900000002/59aeac7bc5b11620",
            "lambda_multi_value_headers_enabled": false,
            "load_balancing_algorithm_type": "round_robin",
            "name": "task-20211211124724017900000002",
            "name_prefix": "task-",
            "port": 80,
            "preserve_client_ip": null,
            "protocol": "HTTP",
            "protocol_version": "HTTP1",
            "proxy_protocol_v2": false,
            "slow_start": 0,
            "stickiness": [
              {
                "cookie_duration": 86400,
                "cookie_name": "",
                "enabled": false,
                "type": "lb_cookie"
              }
            ],
            "tags": {},
            "tags_all": {},
            "target_type": "instance",
            "vpc_id": "vpc-05be5ea417c59147e"
          },
          "sensitive_attributes": [],
          "private": "bnVsbA==",
          "dependencies": [
            "aws_vpc.vpc"
          ],
          "create_before_destroy": true
        }
      ]
    },
    {
      "mode": "managed",
      "type": "aws_route",
      "name": "internet_access",
      "provider": "provider[\"registry.terraform.io/hashicorp/aws\"]",
      "instances": [
        {
          "schema_version": 0,
          "attributes": {
            "carrier_gateway_id": "",
            "destination_cidr_block": "0.0.0.0/0",
            "destination_ipv6_cidr_block": "",
            "destination_prefix_list_id": "",
            "egress_only_gateway_id": "",
            "gateway_id": "igw-03c0a517a7cc25f4a",
            "id": "r-rtb-081fd715933d9d8b71080289494",
            "instance_id": "",
            "instance_owner_id": "",
            "local_gateway_id": "",
            "nat_gateway_id": "",
            "network_interface_id": "",
            "origin": "CreateRoute",
            "route_table_id": "rtb-081fd715933d9d8b7",
            "state": "active",
            "timeouts": null,
            "transit_gateway_id": "",
            "vpc_endpoint_id": "",
            "vpc_peering_connection_id": ""
          },
          "sensitive_attributes": [],
          "private": "eyJlMmJmYjczMC1lY2FhLTExZTYtOGY4OC0zNDM2M2JjN2M0YzAiOnsiY3JlYXRlIjoxMjAwMDAwMDAwMDAsImRlbGV0ZSI6MzAwMDAwMDAwMDAwLCJ1cGRhdGUiOjEyMDAwMDAwMDAwMH19",
          "dependencies": [
            "aws_internet_gateway.gw",
            "aws_vpc.vpc"
          ]
        }
      ]
    },
    {
      "mode": "managed",
      "type": "aws_s3_bucket",
      "name": "b",
      "provider": "provider[\"registry.terraform.io/hashicorp/aws\"]",
      "instances": [
        {
          "schema_version": 0,
          "attributes": {
            "acceleration_status": "",
            "acl": "private",
            "arn": "arn:aws:s3:::bucketrusd80",
            "bucket": "bucketrusd80",
            "bucket_domain_name": "bucketrusd80.s3.amazonaws.com",
            "bucket_prefix": null,
            "bucket_regional_domain_name": "bucketrusd80.s3.eu-central-1.amazonaws.com",
            "cors_rule": [],
            "force_destroy": false,
            "grant": [],
            "hosted_zone_id": "Z21DNDUVLTQW6Q",
            "id": "bucketrusd80",
            "lifecycle_rule": [],
            "logging": [],
            "object_lock_configuration": [],
            "policy": null,
            "region": "eu-central-1",
            "replication_configuration": [],
            "request_payer": "BucketOwner",
            "server_side_encryption_configuration": [],
            "tags": {},
            "tags_all": {},
            "versioning": [
              {
                "enabled": true,
                "mfa_delete": false
              }
            ],
            "website": [],
            "website_domain": null,
            "website_endpoint": null
          },
          "sensitive_attributes": [],
          "private": "bnVsbA=="
        }
      ]
    },
    {
      "mode": "managed",
      "type": "aws_s3_bucket_object",
      "name": "object",
      "provider": "provider[\"registry.terraform.io/hashicorp/aws\"]",
      "instances": [
        {
          "schema_version": 0,
          "attributes": {
            "acl": "private",
            "bucket": "bucketrusd80",
            "bucket_key_enabled": false,
            "cache_control": "",
            "content": null,
            "content_base64": null,
            "content_disposition": "",
            "content_encoding": "",
            "content_language": "",
            "content_type": "binary/octet-stream",
            "etag": "f45865f0e7a4cce3291a0334de3a2c24",
            "force_destroy": false,
            "id": "index.html",
            "key": "index.html",
            "kms_key_id": null,
            "metadata": {},
            "object_lock_legal_hold_status": "",
            "object_lock_mode": "",
            "object_lock_retain_until_date": "",
            "server_side_encryption": "",
            "source": "index.html",
            "source_hash": null,
            "storage_class": "STANDARD",
            "tags": {},
            "tags_all": {},
            "version_id": "_PGc8OEzacuwLirbMBWb3wG2qcyCGfgy",
            "website_redirect": ""
          },
          "sensitive_attributes": [],
          "private": "bnVsbA==",
          "dependencies": [
            "aws_s3_bucket.b"
          ]
        }
      ]
    },
    {
      "mode": "managed",
      "type": "aws_security_group",
      "name": "elb",
      "provider": "provider[\"registry.terraform.io/hashicorp/aws\"]",
      "instances": [
        {
          "schema_version": 1,
          "attributes": {
            "arn": "arn:aws:ec2:eu-central-1:810897027937:security-group/sg-0eaa77e36d677acf2",
            "description": "Managed by Terraform",
            "egress": [
              {
                "cidr_blocks": [
                  "0.0.0.0/0"
                ],
                "description": "",
                "from_port": 0,
                "ipv6_cidr_blocks": [],
                "prefix_list_ids": [],
                "protocol": "-1",
                "security_groups": [],
                "self": false,
                "to_port": 0
              }
            ],
            "id": "sg-0eaa77e36d677acf2",
            "ingress": [
              {
                "cidr_blocks": [
                  "0.0.0.0/0"
                ],
                "description": "",
                "from_port": 80,
                "ipv6_cidr_blocks": [],
                "prefix_list_ids": [],
                "protocol": "tcp",
                "security_groups": [],
                "self": false,
                "to_port": 80
              }
            ],
            "name": "security_group_elb",
            "name_prefix": "",
            "owner_id": "810897027937",
            "revoke_rules_on_delete": false,
            "tags": {},
            "tags_all": {},
            "timeouts": null,
            "vpc_id": "vpc-05be5ea417c59147e"
          },
          "sensitive_attributes": [],
          "private": "eyJlMmJmYjczMC1lY2FhLTExZTYtOGY4OC0zNDM2M2JjN2M0YzAiOnsiY3JlYXRlIjo2MDAwMDAwMDAwMDAsImRlbGV0ZSI6OTAwMDAwMDAwMDAwfSwic2NoZW1hX3ZlcnNpb24iOiIxIn0=",
          "dependencies": [
            "aws_vpc.vpc"
          ]
        }
      ]
    },
    {
      "mode": "managed",
      "type": "aws_security_group",
      "name": "web",
      "provider": "provider[\"registry.terraform.io/hashicorp/aws\"]",
      "instances": [
        {
          "schema_version": 1,
          "attributes": {
            "arn": "arn:aws:ec2:eu-central-1:810897027937:security-group/sg-0282c6d6d9798893e",
            "description": "Managed by Terraform",
            "egress": [
              {
                "cidr_blocks": [
                  "0.0.0.0/0"
                ],
                "description": "",
                "from_port": 0,
                "ipv6_cidr_blocks": [],
                "prefix_list_ids": [],
                "protocol": "-1",
                "security_groups": [],
                "self": false,
                "to_port": 0
              }
            ],
            "id": "sg-0282c6d6d9798893e",
            "ingress": [
              {
                "cidr_blocks": [
                  "0.0.0.0/0"
                ],
                "description": "",
                "from_port": 22,
                "ipv6_cidr_blocks": [],
                "prefix_list_ids": [],
                "protocol": "tcp",
                "security_groups": [],
                "self": false,
                "to_port": 22
              },
              {
                "cidr_blocks": [
                  "10.0.0.0/16"
                ],
                "description": "",
                "from_port": 80,
                "ipv6_cidr_blocks": [],
                "prefix_list_ids": [],
                "protocol": "tcp",
                "security_groups": [],
                "self": false,
                "to_port": 80
              }
            ],
            "name": "security_group_instances",
            "name_prefix": "",
            "owner_id": "810897027937",
            "revoke_rules_on_delete": false,
            "tags": {},
            "tags_all": {},
            "timeouts": null,
            "vpc_id": "vpc-05be5ea417c59147e"
          },
          "sensitive_attributes": [],
          "private": "eyJlMmJmYjczMC1lY2FhLTExZTYtOGY4OC0zNDM2M2JjN2M0YzAiOnsiY3JlYXRlIjo2MDAwMDAwMDAwMDAsImRlbGV0ZSI6OTAwMDAwMDAwMDAwfSwic2NoZW1hX3ZlcnNpb24iOiIxIn0=",
          "dependencies": [
            "aws_vpc.vpc"
          ],
          "create_before_destroy": true
        }
      ]
    },
    {
      "mode": "managed",
      "type": "aws_subnet",
      "name": "subnet_a",
      "provider": "provider[\"registry.terraform.io/hashicorp/aws\"]",
      "instances": [
        {
          "schema_version": 1,
          "attributes": {
            "arn": "arn:aws:ec2:eu-central-1:810897027937:subnet/subnet-0fe499fddb3cc880b",
            "assign_ipv6_address_on_creation": false,
            "availability_zone": "eu-central-1a",
            "availability_zone_id": "euc1-az2",
            "cidr_block": "10.0.11.0/24",
            "customer_owned_ipv4_pool": "",
            "id": "subnet-0fe499fddb3cc880b",
            "ipv6_cidr_block": "",
            "ipv6_cidr_block_association_id": "",
            "map_customer_owned_ip_on_launch": false,
            "map_public_ip_on_launch": true,
            "outpost_arn": "",
            "owner_id": "810897027937",
            "tags": {},
            "tags_all": {},
            "timeouts": null,
            "vpc_id": "vpc-05be5ea417c59147e"
          },
          "sensitive_attributes": [],
          "private": "eyJlMmJmYjczMC1lY2FhLTExZTYtOGY4OC0zNDM2M2JjN2M0YzAiOnsiY3JlYXRlIjo2MDAwMDAwMDAwMDAsImRlbGV0ZSI6MTIwMDAwMDAwMDAwMH0sInNjaGVtYV92ZXJzaW9uIjoiMSJ9",
          "dependencies": [
            "aws_vpc.vpc",
            "data.aws_availability_zones.available"
          ],
          "create_before_destroy": true
        }
      ]
    },
    {
      "mode": "managed",
      "type": "aws_subnet",
      "name": "subnet_b",
      "provider": "provider[\"registry.terraform.io/hashicorp/aws\"]",
      "instances": [
        {
          "schema_version": 1,
          "attributes": {
            "arn": "arn:aws:ec2:eu-central-1:810897027937:subnet/subnet-00359226571121a75",
            "assign_ipv6_address_on_creation": false,
            "availability_zone": "eu-central-1b",
            "availability_zone_id": "euc1-az3",
            "cidr_block": "10.0.12.0/24",
            "customer_owned_ipv4_pool": "",
            "id": "subnet-00359226571121a75",
            "ipv6_cidr_block": "",
            "ipv6_cidr_block_association_id": "",
            "map_customer_owned_ip_on_launch": false,
            "map_public_ip_on_launch": true,
            "outpost_arn": "",
            "owner_id": "810897027937",
            "tags": {},
            "tags_all": {},
            "timeouts": null,
            "vpc_id": "vpc-05be5ea417c59147e"
          },
          "sensitive_attributes": [],
          "private": "eyJlMmJmYjczMC1lY2FhLTExZTYtOGY4OC0zNDM2M2JjN2M0YzAiOnsiY3JlYXRlIjo2MDAwMDAwMDAwMDAsImRlbGV0ZSI6MTIwMDAwMDAwMDAwMH0sInNjaGVtYV92ZXJzaW9uIjoiMSJ9",
          "dependencies": [
            "aws_vpc.vpc",
            "data.aws_availability_zones.available"
          ],
          "create_before_destroy": true
        }
      ]
    },
    {
      "mode": "managed",
      "type": "aws_vpc",
      "name": "vpc",
      "provider": "provider[\"registry.terraform.io/hashicorp/aws\"]",
      "instances": [
        {
          "schema_version": 1,
          "attributes": {
            "arn": "arn:aws:ec2:eu-central-1:810897027937:vpc/vpc-05be5ea417c59147e",
            "assign_generated_ipv6_cidr_block": false,
            "cidr_block": "10.0.0.0/16",
            "default_network_acl_id": "acl-00b40e0e23bf85942",
            "default_route_table_id": "rtb-081fd715933d9d8b7",
            "default_security_group_id": "sg-08d967fd0427c22fb",
            "dhcp_options_id": "dopt-0072c2f67f60ce3eb",
            "enable_classiclink": null,
            "enable_classiclink_dns_support": null,
            "enable_dns_hostnames": false,
            "enable_dns_support": true,
            "id": "vpc-05be5ea417c59147e",
            "instance_tenancy": "default",
            "ipv4_ipam_pool_id": null,
            "ipv4_netmask_length": null,
            "ipv6_association_id": "",
            "ipv6_cidr_block": "",
            "ipv6_ipam_pool_id": null,
            "ipv6_netmask_length": null,
            "main_route_table_id": "rtb-081fd715933d9d8b7",
            "owner_id": "810897027937",
            "tags": {
              "Name": "terraform_homeworkVPC"
            },
            "tags_all": {
              "Name": "terraform_homeworkVPC"
            }
          },
          "sensitive_attributes": [],
          "private": "eyJzY2hlbWFfdmVyc2lvbiI6IjEifQ==",
          "create_before_destroy": true
        }
      ]
    },
    {
      "mode": "managed",
      "type": "tls_private_key",
      "name": "pk",
      "provider": "provider[\"registry.terraform.io/hashicorp/tls\"]",
      "instances": [
        {
          "schema_version": 0,
          "attributes": {
            "algorithm": "RSA",
            "ecdsa_curve": "P224",
            "id": "26517b42e681f685407b6899ff4e6c23a3bac0da",
            "private_key_pem": "-----BEGIN RSA PRIVATE KEY-----\nMIIJKAIBAAKCAgEAlKUBxjyndynhcYUzCT9XUe9hkoiLfl9Kl+pecCnXbH1Zh+F5\nbX3hfq3fh8tfaplRRq1fgFh1ZimOQDDu8AAN34lo9A9f3OCIRL6DGQxL8//ElJDn\n96Z1aXqJG1vdTJLsYyOTohOaGdZfjasiR04K7Le2ghOpk61rIi7OaULBQbTp4+S7\nIihcVdnLtUsMPBEjVpt+P29cGC0lC+Fv/RWaQfGVULaN/YDIn/2x9Tg8atLtd4QF\nZTN8O+7GXmC6NqUGr+AS8MRjBKjHXlI/gjdgin6e//jCIroew8kL+bLE3lKqQxsX\nsZwlYWGG/fizNLc8l6WrFlDMrGKYd+ATcDMtJgfOWUtXjOOKtxlCCzpRdAdi7qTU\nn603/aCTfarwvhNpsoMD3ZC7fYWfBCE1X1Thbu1eMbfDEuxZuc+XjqZRXVmODPbM\n3LdN+3Gvez+nZ0G9lmfJoqHBARwUWvD9MuGZ8yUKGhPhBaC8pqm9e3Ezvny7h3rX\noronG55x9/YYftNKFMDTaXQ+JayQVm65Ej/LcxWrK7AfhtRQL3y5AB2DFw61m98T\n6+Pr2bk0lZVDQjvaM/tiIwVcbfpO1RlLH/ggDrvrNNioyp2sE7zKsQ3nSTLjd467\nSPZC1kqG72E18bkUMekadFqWHp86AOurI164Uq4K8WOlderPF1XxiJaradcCAwEA\nAQKCAgBmBOo22KJHkyL7+uOQUTzpK1bYb4bt8RENOvoeGVmVSGMOc54Xm/IMM+Hb\nHaYbT6cMzylguVW6DINpYyxa5G6hIXo7J+IvgpuEMw1fP6VRjhWpsdrDiifDgSpg\n8KfuSlibomtNLg7x9MQYQ4B/V/z/gwdsN3qHtNp215ErhXmGU1jD5NTbGMBm29iI\nUT3QbCLI6me3ugKHRVTL1qo6FX2ODPTiNKk3eBA6XrCpETPGTYZWJPJfBvsZV0Qm\nulST9KemRjA5t1AOfph3EBQulztXUphmLqFvnDZJQc9KTXv46tuYuxuD9xtgvsMb\nxHmakLixjC7kXghbuD/U5qHwu+8bwzHg0ECnq0Q+QSg+/3wCLLidfutkZ65nJmTi\nLvLUcJCBd6tTBLrnwI5kSyC2TnbSeK7R/7Lp6/LEbP+B0ICAVhJ762clnH6sq1rK\nlf9P1/dj7YbJ88VIhwU5m2X/3d/ie4/3N/xyvy9Ii/a2FFE0iFIySGQSpVOWdgee\nCnOkD/KxAnLius+HFX1mELSwE4faMCxCXpU4caVfjl6Nr/GypBHFeGP5B8CSlMJo\nkySosSS96Y6vd4oGOwUJv93C+62aEytw88AZ1AQJETjUPNPnu5pidtX7xFPuuv16\nwJf02J1T2F+sFYI4dGPczaVMp7eHei3x2q4kREMShLTYKjH7AQKCAQEAwlxSaGuk\njDotaLCFXSarukm7Nw9Hg4mONmUUzapAD2oe38JoyG2Y1jpd6Eq0o/9lXG31s5fM\nWL0LiZiwTJnr47Df/IxkZlLDjHPfMBxd0cXY6tNhqQEkxN62V2T+k7F2uXnoHdQi\nyw5CPu/x9r1FNroDa2HgQ7dSVi0re8OaYNTfnYlaK/lJ2UArnkuXPBKi7UTRrUde\nU0eqjgnaaoyvhWN7K2UhqgzqBlalR+jAZ0bbeTJaVyPBQK1Wi5h3HPuDFn9l9M25\nuFuMFKiiXJwR2kbNRhwmAiZYApPykF5q7IEmiSW0zTcnVAAEfRLF6yWprdsbkdAE\n2wsdtdg6h2kUoQKCAQEAw8kbBZuotiJWb6wLRbZ2kXh8QkK4Ava5DqPsOSbfzDG9\nndsQS2DJO5hBFqve8V8m9Z+mxeCBBccozLNQ6EMVRH3vf95vasAcrc0vX3ZsZ2Oy\nE8q0vkqjeGRU8Hh5ICxfCGeiOAzHim3aZKkOBpEaz1vEVf9Wi55pXH7fooDiVQ07\nNbUTDT9cg5XDsksCQ6Al6nxrep3t3bmJzkD73UO/WzfNRrH959wZoCAK6AoN3+HH\nYxXZFPombKoMw/lagtqpMQ6gqFcbb4Otn2z+YgXeZ0il591ubm7XkvvPi7uP5vKL\nN5hio4gXpttGKVR8y0PlQHI+FThdT2BnrQiLX37zdwKCAQAS68HqAHCoZhF9m5Gg\nG9+j5wGevpILsBx0FysLSoOp/H688cQZnvG+CTiTIJKtVHOdp+a/cQunp9+zqXWg\nP2vDYrircU9k1rHKvoz/tgM8JLKVSba8KSxXLgc6Qs61uhUAwWljXf91HRI95kX7\n6zkNttYWYhTfAr21Pfh5t/UTcCXExFZO6ZnS2HhmlJ1Ib9gEmSqAX+5C1Ts5UKQ+\nsytzJNgcxV+dmlw9+bllYrc4VqGPDuPUj9qEXVuLg3A1FhcQ3Z4jUtO9qsvcRv5n\nXZovUa0yIhNhKjJvLc/zVf26wGfr+gu73p6pgsbtFiLGXYhDMI1iiImweUiPJ1mr\nTQOBAoIBACwrNXZpbIFSc8+Tr6NVi6A730SPirXYdV1RK9yk4X5OhmmTXzSyLBPO\nwHhd49juT3rAPr6LbHAiQxkTJyCO6cBe7OYbB2W823t2O8a8j64vdqAybd40NnbV\no7fwZdsVR4c84gLlFysqp0doQCrJF5RKLpv8E8lBvqFIWiluDCGF76KpLBgkADoL\nUm/priQVgBhLY2/xKxWHYwht7qQ3QXdRunTFePOS2xEdyXgZtJGafQHkjunFmV+Q\naXrYyUuWCu9vTl1L8XuR6Fx8GVOB4W/JmuwZL22ogee9+U+by9YdR70OGsqrzDIv\na7+tOM4ejhyg6VKeOabLp/gIYnDz0fcCggEBAJuw/ra19SRgvnx1Z8hw2imToAPn\ng0nujbPUf6avLdQFsbxifqmDl3i7adpRG/KjzXUFNAFSdbqSG8JUekjqLL5I975o\n8kiTxePuX14iwh+SkPy5ij8/J5JtJ5GFe0vFdoCA1Ir7jvKCCG5QhmXB3bJBdXr2\nTiiHpUyxzB8xvDr2Gvnw8yB84JVw1SJKlxsQGpiIov8SIEDqI+3EaLqt+mkDfXNc\n5H1ip6BTtyW6VaXhjL1qeUv/qTlw7mcZguaaUyQ1E77ORqS1EFVu8ZSNGY9IHoLf\n+vkGap3Jb+ZPDJ5AZUgz6YXaeiA6VNqx01b2UjpuUzB9HTZnsrzJjANSsVQ=\n-----END RSA PRIVATE KEY-----\n",
            "public_key_fingerprint_md5": "05:f6:2f:a0:32:2d:1e:d2:13:de:22:f9:55:45:7f:de",
            "public_key_openssh": "ssh-rsa AAAAB3NzaC1yc2EAAAADAQABAAACAQCUpQHGPKd3KeFxhTMJP1dR72GSiIt+X0qX6l5wKddsfVmH4XltfeF+rd+Hy19qmVFGrV+AWHVmKY5AMO7wAA3fiWj0D1/c4IhEvoMZDEvz/8SUkOf3pnVpeokbW91MkuxjI5OiE5oZ1l+NqyJHTgrst7aCE6mTrWsiLs5pQsFBtOnj5LsiKFxV2cu1Sww8ESNWm34/b1wYLSUL4W/9FZpB8ZVQto39gMif/bH1ODxq0u13hAVlM3w77sZeYLo2pQav4BLwxGMEqMdeUj+CN2CKfp7/+MIiuh7DyQv5ssTeUqpDGxexnCVhYYb9+LM0tzyXpasWUMysYph34BNwMy0mB85ZS1eM44q3GUILOlF0B2LupNSfrTf9oJN9qvC+E2mygwPdkLt9hZ8EITVfVOFu7V4xt8MS7Fm5z5eOplFdWY4M9szct037ca97P6dnQb2WZ8miocEBHBRa8P0y4ZnzJQoaE+EFoLymqb17cTO+fLuHeteiuicbnnH39hh+00oUwNNpdD4lrJBWbrkSP8tzFasrsB+G1FAvfLkAHYMXDrWb3xPr4+vZuTSVlUNCO9oz+2IjBVxt+k7VGUsf+CAOu+s02KjKnawTvMqxDedJMuN3jrtI9kLWSobvYTXxuRQx6Rp0WpYenzoA66sjXrhSrgrxY6V16s8XVfGIlqtp1w==\n",
            "public_key_pem": "-----BEGIN PUBLIC KEY-----\nMIICIjANBgkqhkiG9w0BAQEFAAOCAg8AMIICCgKCAgEAlKUBxjyndynhcYUzCT9X\nUe9hkoiLfl9Kl+pecCnXbH1Zh+F5bX3hfq3fh8tfaplRRq1fgFh1ZimOQDDu8AAN\n34lo9A9f3OCIRL6DGQxL8//ElJDn96Z1aXqJG1vdTJLsYyOTohOaGdZfjasiR04K\n7Le2ghOpk61rIi7OaULBQbTp4+S7IihcVdnLtUsMPBEjVpt+P29cGC0lC+Fv/RWa\nQfGVULaN/YDIn/2x9Tg8atLtd4QFZTN8O+7GXmC6NqUGr+AS8MRjBKjHXlI/gjdg\nin6e//jCIroew8kL+bLE3lKqQxsXsZwlYWGG/fizNLc8l6WrFlDMrGKYd+ATcDMt\nJgfOWUtXjOOKtxlCCzpRdAdi7qTUn603/aCTfarwvhNpsoMD3ZC7fYWfBCE1X1Th\nbu1eMbfDEuxZuc+XjqZRXVmODPbM3LdN+3Gvez+nZ0G9lmfJoqHBARwUWvD9MuGZ\n8yUKGhPhBaC8pqm9e3Ezvny7h3rXoronG55x9/YYftNKFMDTaXQ+JayQVm65Ej/L\ncxWrK7AfhtRQL3y5AB2DFw61m98T6+Pr2bk0lZVDQjvaM/tiIwVcbfpO1RlLH/gg\nDrvrNNioyp2sE7zKsQ3nSTLjd467SPZC1kqG72E18bkUMekadFqWHp86AOurI164\nUq4K8WOlderPF1XxiJaradcCAwEAAQ==\n-----END PUBLIC KEY-----\n",
            "rsa_bits": 4096
          },
          "sensitive_attributes": [],
          "private": "bnVsbA==",
          "create_before_destroy": true
        }
      ]
    }
  ]
}
